// !$*UTF8*$!
{
	archiveVersion = 1;
	classes = {
	};
	objectVersion = 50;
	objects = {

/* Begin PBXBuildFile section */
		B62F429425193C440094786E /* NewPostView.swift in Sources */ = {isa = PBXBuildFile; fileRef = B62F429325193C440094786E /* NewPostView.swift */; };
		B62F71C82516D76400AF8F36 /* AppDelegate.swift in Sources */ = {isa = PBXBuildFile; fileRef = B62F71C72516D76400AF8F36 /* AppDelegate.swift */; };
		B62F71CA2516D76400AF8F36 /* SceneDelegate.swift in Sources */ = {isa = PBXBuildFile; fileRef = B62F71C92516D76400AF8F36 /* SceneDelegate.swift */; };
		B62F71CC2516D76400AF8F36 /* ContentView.swift in Sources */ = {isa = PBXBuildFile; fileRef = B62F71CB2516D76400AF8F36 /* ContentView.swift */; };
		B62F71CE2516D76900AF8F36 /* Assets.xcassets in Resources */ = {isa = PBXBuildFile; fileRef = B62F71CD2516D76900AF8F36 /* Assets.xcassets */; };
		B62F71D12516D76900AF8F36 /* Preview Assets.xcassets in Resources */ = {isa = PBXBuildFile; fileRef = B62F71D02516D76900AF8F36 /* Preview Assets.xcassets */; };
		B62F71D42516D76900AF8F36 /* LaunchScreen.storyboard in Resources */ = {isa = PBXBuildFile; fileRef = B62F71D22516D76900AF8F36 /* LaunchScreen.storyboard */; };
		B662A18E25185F170082E103 /* ServerUtils.swift in Sources */ = {isa = PBXBuildFile; fileRef = B662A18D25185F170082E103 /* ServerUtils.swift */; };
		B662A191251861140082E103 /* HomeView.swift in Sources */ = {isa = PBXBuildFile; fileRef = B662A190251861140082E103 /* HomeView.swift */; };
		B662A196251869CE0082E103 /* Post.swift in Sources */ = {isa = PBXBuildFile; fileRef = B662A195251869CE0082E103 /* Post.swift */; };
		B66CAFED25195B7C006AD4C2 /* ScrollView.swift in Sources */ = {isa = PBXBuildFile; fileRef = B66CAFEC25195B7C006AD4C2 /* ScrollView.swift */; };
		B66CAFF025195DF9006AD4C2 /* ProfileView.swift in Sources */ = {isa = PBXBuildFile; fileRef = B66CAFEF25195DF9006AD4C2 /* ProfileView.swift */; };
		B6FE06FC253A3A56001864BA /* CyTalkTests.swift in Sources */ = {isa = PBXBuildFile; fileRef = B6FE06FB253A3A56001864BA /* CyTalkTests.swift */; };
		B6FE0706253B5BF6001864BA /* PostCommentView.swift in Sources */ = {isa = PBXBuildFile; fileRef = B6FE0705253B5BF6001864BA /* PostCommentView.swift */; };
/* End PBXBuildFile section */

/* Begin PBXContainerItemProxy section */
		B6FE06FE253A3A56001864BA /* PBXContainerItemProxy */ = {
			isa = PBXContainerItemProxy;
			containerPortal = B62F71BC2516D76400AF8F36 /* Project object */;
			proxyType = 1;
			remoteGlobalIDString = B62F71C32516D76400AF8F36;
			remoteInfo = CyTalk;
		};
/* End PBXContainerItemProxy section */

/* Begin PBXFileReference section */
		B62F429325193C440094786E /* NewPostView.swift */ = {isa = PBXFileReference; lastKnownFileType = sourcecode.swift; path = NewPostView.swift; sourceTree = "<group>"; };
		B62F71C42516D76400AF8F36 /* CyTalk.app */ = {isa = PBXFileReference; explicitFileType = wrapper.application; includeInIndex = 0; path = CyTalk.app; sourceTree = BUILT_PRODUCTS_DIR; };
		B62F71C72516D76400AF8F36 /* AppDelegate.swift */ = {isa = PBXFileReference; lastKnownFileType = sourcecode.swift; path = AppDelegate.swift; sourceTree = "<group>"; };
		B62F71C92516D76400AF8F36 /* SceneDelegate.swift */ = {isa = PBXFileReference; lastKnownFileType = sourcecode.swift; path = SceneDelegate.swift; sourceTree = "<group>"; };
		B62F71CB2516D76400AF8F36 /* ContentView.swift */ = {isa = PBXFileReference; lastKnownFileType = sourcecode.swift; path = ContentView.swift; sourceTree = "<group>"; };
		B62F71CD2516D76900AF8F36 /* Assets.xcassets */ = {isa = PBXFileReference; lastKnownFileType = folder.assetcatalog; path = Assets.xcassets; sourceTree = "<group>"; };
		B62F71D02516D76900AF8F36 /* Preview Assets.xcassets */ = {isa = PBXFileReference; lastKnownFileType = folder.assetcatalog; path = "Preview Assets.xcassets"; sourceTree = "<group>"; };
		B62F71D32516D76900AF8F36 /* Base */ = {isa = PBXFileReference; lastKnownFileType = file.storyboard; name = Base; path = Base.lproj/LaunchScreen.storyboard; sourceTree = "<group>"; };
		B62F71D52516D76900AF8F36 /* Info.plist */ = {isa = PBXFileReference; lastKnownFileType = text.plist.xml; path = Info.plist; sourceTree = "<group>"; };
		B662A18D25185F170082E103 /* ServerUtils.swift */ = {isa = PBXFileReference; lastKnownFileType = sourcecode.swift; path = ServerUtils.swift; sourceTree = "<group>"; };
		B662A190251861140082E103 /* HomeView.swift */ = {isa = PBXFileReference; lastKnownFileType = sourcecode.swift; path = HomeView.swift; sourceTree = "<group>"; };
		B662A195251869CE0082E103 /* Post.swift */ = {isa = PBXFileReference; lastKnownFileType = sourcecode.swift; path = Post.swift; sourceTree = "<group>"; };
		B66CAFEC25195B7C006AD4C2 /* ScrollView.swift */ = {isa = PBXFileReference; lastKnownFileType = sourcecode.swift; path = ScrollView.swift; sourceTree = "<group>"; };
		B66CAFEF25195DF9006AD4C2 /* ProfileView.swift */ = {isa = PBXFileReference; lastKnownFileType = sourcecode.swift; path = ProfileView.swift; sourceTree = "<group>"; };
		B6FE06F9253A3A55001864BA /* CyTalkTests.xctest */ = {isa = PBXFileReference; explicitFileType = wrapper.cfbundle; includeInIndex = 0; path = CyTalkTests.xctest; sourceTree = BUILT_PRODUCTS_DIR; };
		B6FE06FB253A3A56001864BA /* CyTalkTests.swift */ = {isa = PBXFileReference; lastKnownFileType = sourcecode.swift; path = CyTalkTests.swift; sourceTree = "<group>"; };
		B6FE06FD253A3A56001864BA /* Info.plist */ = {isa = PBXFileReference; lastKnownFileType = text.plist.xml; path = Info.plist; sourceTree = "<group>"; };
		B6FE0705253B5BF6001864BA /* PostCommentView.swift */ = {isa = PBXFileReference; lastKnownFileType = sourcecode.swift; path = PostCommentView.swift; sourceTree = "<group>"; };
/* End PBXFileReference section */

/* Begin PBXFrameworksBuildPhase section */
		B62F71C12516D76400AF8F36 /* Frameworks */ = {
			isa = PBXFrameworksBuildPhase;
			buildActionMask = 2147483647;
			files = (
			);
			runOnlyForDeploymentPostprocessing = 0;
		};
		B6FE06F6253A3A55001864BA /* Frameworks */ = {
			isa = PBXFrameworksBuildPhase;
			buildActionMask = 2147483647;
			files = (
			);
			runOnlyForDeploymentPostprocessing = 0;
		};
/* End PBXFrameworksBuildPhase section */

/* Begin PBXGroup section */
		B62F71BB2516D76400AF8F36 = {
			isa = PBXGroup;
			children = (
				B62F71C62516D76400AF8F36 /* CyTalk */,
				B6FE06FA253A3A55001864BA /* CyTalkTests */,
				B62F71C52516D76400AF8F36 /* Products */,
			);
			sourceTree = "<group>";
		};
		B62F71C52516D76400AF8F36 /* Products */ = {
			isa = PBXGroup;
			children = (
				B62F71C42516D76400AF8F36 /* CyTalk.app */,
				B6FE06F9253A3A55001864BA /* CyTalkTests.xctest */,
			);
			name = Products;
			sourceTree = "<group>";
		};
		B62F71C62516D76400AF8F36 /* CyTalk */ = {
			isa = PBXGroup;
			children = (
				B662A190251861140082E103 /* HomeView.swift */,
				B62F71CB2516D76400AF8F36 /* ContentView.swift */,
				B62F429325193C440094786E /* NewPostView.swift */,
				B66CAFEC25195B7C006AD4C2 /* ScrollView.swift */,
				B66CAFEF25195DF9006AD4C2 /* ProfileView.swift */,
				B6FE0705253B5BF6001864BA /* PostCommentView.swift */,
				B662A18D25185F170082E103 /* ServerUtils.swift */,
				B62F71C92516D76400AF8F36 /* SceneDelegate.swift */,
				B62F71C72516D76400AF8F36 /* AppDelegate.swift */,
				B662A195251869CE0082E103 /* Post.swift */,
				B62F71D52516D76900AF8F36 /* Info.plist */,
				B62F71D22516D76900AF8F36 /* LaunchScreen.storyboard */,
				B62F71CD2516D76900AF8F36 /* Assets.xcassets */,
				B62F71CF2516D76900AF8F36 /* Preview Content */,
			);
			path = CyTalk;
			sourceTree = "<group>";
		};
		B62F71CF2516D76900AF8F36 /* Preview Content */ = {
			isa = PBXGroup;
			children = (
				B62F71D02516D76900AF8F36 /* Preview Assets.xcassets */,
			);
			path = "Preview Content";
			sourceTree = "<group>";
		};
		B6FE06FA253A3A55001864BA /* CyTalkTests */ = {
			isa = PBXGroup;
			children = (
				B6FE06FB253A3A56001864BA /* CyTalkTests.swift */,
				B6FE06FD253A3A56001864BA /* Info.plist */,
			);
			path = CyTalkTests;
			sourceTree = "<group>";
		};
/* End PBXGroup section */

/* Begin PBXNativeTarget section */
		B62F71C32516D76400AF8F36 /* CyTalk */ = {
			isa = PBXNativeTarget;
			buildConfigurationList = B62F71D82516D76900AF8F36 /* Build configuration list for PBXNativeTarget "CyTalk" */;
			buildPhases = (
				B62F71C02516D76400AF8F36 /* Sources */,
				B62F71C12516D76400AF8F36 /* Frameworks */,
				B62F71C22516D76400AF8F36 /* Resources */,
			);
			buildRules = (
			);
			dependencies = (
			);
			name = CyTalk;
			productName = CyTalk;
			productReference = B62F71C42516D76400AF8F36 /* CyTalk.app */;
			productType = "com.apple.product-type.application";
		};
		B6FE06F8253A3A55001864BA /* CyTalkTests */ = {
			isa = PBXNativeTarget;
			buildConfigurationList = B6FE0702253A3A56001864BA /* Build configuration list for PBXNativeTarget "CyTalkTests" */;
			buildPhases = (
				B6FE06F5253A3A55001864BA /* Sources */,
				B6FE06F6253A3A55001864BA /* Frameworks */,
				B6FE06F7253A3A55001864BA /* Resources */,
			);
			buildRules = (
			);
			dependencies = (
				B6FE06FF253A3A56001864BA /* PBXTargetDependency */,
			);
			name = CyTalkTests;
			productName = CyTalkTests;
			productReference = B6FE06F9253A3A55001864BA /* CyTalkTests.xctest */;
			productType = "com.apple.product-type.bundle.unit-test";
		};
/* End PBXNativeTarget section */

/* Begin PBXProject section */
		B62F71BC2516D76400AF8F36 /* Project object */ = {
			isa = PBXProject;
			attributes = {
				LastSwiftUpdateCheck = 1200;
				LastUpgradeCheck = 1200;
				TargetAttributes = {
					B62F71C32516D76400AF8F36 = {
						CreatedOnToolsVersion = 12.0;
					};
					B6FE06F8253A3A55001864BA = {
						CreatedOnToolsVersion = 12.0;
						TestTargetID = B62F71C32516D76400AF8F36;
					};
				};
			};
			buildConfigurationList = B62F71BF2516D76400AF8F36 /* Build configuration list for PBXProject "CyTalk" */;
			compatibilityVersion = "Xcode 9.3";
			developmentRegion = en;
			hasScannedForEncodings = 0;
			knownRegions = (
				en,
				Base,
			);
			mainGroup = B62F71BB2516D76400AF8F36;
			productRefGroup = B62F71C52516D76400AF8F36 /* Products */;
			projectDirPath = "";
			projectRoot = "";
			targets = (
				B62F71C32516D76400AF8F36 /* CyTalk */,
				B6FE06F8253A3A55001864BA /* CyTalkTests */,
			);
		};
/* End PBXProject section */

/* Begin PBXResourcesBuildPhase section */
		B62F71C22516D76400AF8F36 /* Resources */ = {
			isa = PBXResourcesBuildPhase;
			buildActionMask = 2147483647;
			files = (
				B62F71D42516D76900AF8F36 /* LaunchScreen.storyboard in Resources */,
				B62F71D12516D76900AF8F36 /* Preview Assets.xcassets in Resources */,
				B62F71CE2516D76900AF8F36 /* Assets.xcassets in Resources */,
			);
			runOnlyForDeploymentPostprocessing = 0;
		};
		B6FE06F7253A3A55001864BA /* Resources */ = {
			isa = PBXResourcesBuildPhase;
			buildActionMask = 2147483647;
			files = (
			);
			runOnlyForDeploymentPostprocessing = 0;
		};
/* End PBXResourcesBuildPhase section */

/* Begin PBXSourcesBuildPhase section */
		B62F71C02516D76400AF8F36 /* Sources */ = {
			isa = PBXSourcesBuildPhase;
			buildActionMask = 2147483647;
			files = (
				B662A18E25185F170082E103 /* ServerUtils.swift in Sources */,
				B66CAFF025195DF9006AD4C2 /* ProfileView.swift in Sources */,
				B6FE0706253B5BF6001864BA /* PostCommentView.swift in Sources */,
				B62F71C82516D76400AF8F36 /* AppDelegate.swift in Sources */,
				B62F71CA2516D76400AF8F36 /* SceneDelegate.swift in Sources */,
				B62F429425193C440094786E /* NewPostView.swift in Sources */,
				B662A196251869CE0082E103 /* Post.swift in Sources */,
				B66CAFED25195B7C006AD4C2 /* ScrollView.swift in Sources */,
				B662A191251861140082E103 /* HomeView.swift in Sources */,
				B62F71CC2516D76400AF8F36 /* ContentView.swift in Sources */,
			);
			runOnlyForDeploymentPostprocessing = 0;
		};
		B6FE06F5253A3A55001864BA /* Sources */ = {
			isa = PBXSourcesBuildPhase;
			buildActionMask = 2147483647;
			files = (
				B6FE06FC253A3A56001864BA /* CyTalkTests.swift in Sources */,
			);
			runOnlyForDeploymentPostprocessing = 0;
		};
/* End PBXSourcesBuildPhase section */

/* Begin PBXTargetDependency section */
		B6FE06FF253A3A56001864BA /* PBXTargetDependency */ = {
			isa = PBXTargetDependency;
			target = B62F71C32516D76400AF8F36 /* CyTalk */;
			targetProxy = B6FE06FE253A3A56001864BA /* PBXContainerItemProxy */;
		};
/* End PBXTargetDependency section */

/* Begin PBXVariantGroup section */
		B62F71D22516D76900AF8F36 /* LaunchScreen.storyboard */ = {
			isa = PBXVariantGroup;
			children = (
				B62F71D32516D76900AF8F36 /* Base */,
			);
			name = LaunchScreen.storyboard;
			sourceTree = "<group>";
		};
/* End PBXVariantGroup section */

/* Begin XCBuildConfiguration section */
		B62F71D62516D76900AF8F36 /* Debug */ = {
			isa = XCBuildConfiguration;
			buildSettings = {
				ALWAYS_SEARCH_USER_PATHS = NO;
				CLANG_ANALYZER_NONNULL = YES;
				CLANG_ANALYZER_NUMBER_OBJECT_CONVERSION = YES_AGGRESSIVE;
				CLANG_CXX_LANGUAGE_STANDARD = "gnu++14";
				CLANG_CXX_LIBRARY = "libc++";
				CLANG_ENABLE_MODULES = YES;
				CLANG_ENABLE_OBJC_ARC = YES;
				CLANG_ENABLE_OBJC_WEAK = YES;
				CLANG_WARN_BLOCK_CAPTURE_AUTORELEASING = YES;
				CLANG_WARN_BOOL_CONVERSION = YES;
				CLANG_WARN_COMMA = YES;
				CLANG_WARN_CONSTANT_CONVERSION = YES;
				CLANG_WARN_DEPRECATED_OBJC_IMPLEMENTATIONS = YES;
				CLANG_WARN_DIRECT_OBJC_ISA_USAGE = YES_ERROR;
				CLANG_WARN_DOCUMENTATION_COMMENTS = YES;
				CLANG_WARN_EMPTY_BODY = YES;
				CLANG_WARN_ENUM_CONVERSION = YES;
				CLANG_WARN_INFINITE_RECURSION = YES;
				CLANG_WARN_INT_CONVERSION = YES;
				CLANG_WARN_NON_LITERAL_NULL_CONVERSION = YES;
				CLANG_WARN_OBJC_IMPLICIT_RETAIN_SELF = YES;
				CLANG_WARN_OBJC_LITERAL_CONVERSION = YES;
				CLANG_WARN_OBJC_ROOT_CLASS = YES_ERROR;
				CLANG_WARN_QUOTED_INCLUDE_IN_FRAMEWORK_HEADER = YES;
				CLANG_WARN_RANGE_LOOP_ANALYSIS = YES;
				CLANG_WARN_STRICT_PROTOTYPES = YES;
				CLANG_WARN_SUSPICIOUS_MOVE = YES;
				CLANG_WARN_UNGUARDED_AVAILABILITY = YES_AGGRESSIVE;
				CLANG_WARN_UNREACHABLE_CODE = YES;
				CLANG_WARN__DUPLICATE_METHOD_MATCH = YES;
				COPY_PHASE_STRIP = NO;
				DEBUG_INFORMATION_FORMAT = dwarf;
				ENABLE_STRICT_OBJC_MSGSEND = YES;
				ENABLE_TESTABILITY = YES;
				GCC_C_LANGUAGE_STANDARD = gnu11;
				GCC_DYNAMIC_NO_PIC = NO;
				GCC_NO_COMMON_BLOCKS = YES;
				GCC_OPTIMIZATION_LEVEL = 0;
				GCC_PREPROCESSOR_DEFINITIONS = (
					"DEBUG=1",
					"$(inherited)",
				);
				GCC_WARN_64_TO_32_BIT_CONVERSION = YES;
				GCC_WARN_ABOUT_RETURN_TYPE = YES_ERROR;
				GCC_WARN_UNDECLARED_SELECTOR = YES;
				GCC_WARN_UNINITIALIZED_AUTOS = YES_AGGRESSIVE;
				GCC_WARN_UNUSED_FUNCTION = YES;
				GCC_WARN_UNUSED_VARIABLE = YES;
				IPHONEOS_DEPLOYMENT_TARGET = 14.0;
				MTL_ENABLE_DEBUG_INFO = INCLUDE_SOURCE;
				MTL_FAST_MATH = YES;
				ONLY_ACTIVE_ARCH = YES;
				SDKROOT = iphoneos;
				SWIFT_ACTIVE_COMPILATION_CONDITIONS = DEBUG;
				SWIFT_OPTIMIZATION_LEVEL = "-Onone";
			};
			name = Debug;
		};
		B62F71D72516D76900AF8F36 /* Release */ = {
			isa = XCBuildConfiguration;
			buildSettings = {
				ALWAYS_SEARCH_USER_PATHS = NO;
				CLANG_ANALYZER_NONNULL = YES;
				CLANG_ANALYZER_NUMBER_OBJECT_CONVERSION = YES_AGGRESSIVE;
				CLANG_CXX_LANGUAGE_STANDARD = "gnu++14";
				CLANG_CXX_LIBRARY = "libc++";
				CLANG_ENABLE_MODULES = YES;
				CLANG_ENABLE_OBJC_ARC = YES;
				CLANG_ENABLE_OBJC_WEAK = YES;
				CLANG_WARN_BLOCK_CAPTURE_AUTORELEASING = YES;
				CLANG_WARN_BOOL_CONVERSION = YES;
				CLANG_WARN_COMMA = YES;
				CLANG_WARN_CONSTANT_CONVERSION = YES;
				CLANG_WARN_DEPRECATED_OBJC_IMPLEMENTATIONS = YES;
				CLANG_WARN_DIRECT_OBJC_ISA_USAGE = YES_ERROR;
				CLANG_WARN_DOCUMENTATION_COMMENTS = YES;
				CLANG_WARN_EMPTY_BODY = YES;
				CLANG_WARN_ENUM_CONVERSION = YES;
				CLANG_WARN_INFINITE_RECURSION = YES;
				CLANG_WARN_INT_CONVERSION = YES;
				CLANG_WARN_NON_LITERAL_NULL_CONVERSION = YES;
				CLANG_WARN_OBJC_IMPLICIT_RETAIN_SELF = YES;
				CLANG_WARN_OBJC_LITERAL_CONVERSION = YES;
				CLANG_WARN_OBJC_ROOT_CLASS = YES_ERROR;
				CLANG_WARN_QUOTED_INCLUDE_IN_FRAMEWORK_HEADER = YES;
				CLANG_WARN_RANGE_LOOP_ANALYSIS = YES;
				CLANG_WARN_STRICT_PROTOTYPES = YES;
				CLANG_WARN_SUSPICIOUS_MOVE = YES;
				CLANG_WARN_UNGUARDED_AVAILABILITY = YES_AGGRESSIVE;
				CLANG_WARN_UNREACHABLE_CODE = YES;
				CLANG_WARN__DUPLICATE_METHOD_MATCH = YES;
				COPY_PHASE_STRIP = NO;
				DEBUG_INFORMATION_FORMAT = "dwarf-with-dsym";
				ENABLE_NS_ASSERTIONS = NO;
				ENABLE_STRICT_OBJC_MSGSEND = YES;
				GCC_C_LANGUAGE_STANDARD = gnu11;
				GCC_NO_COMMON_BLOCKS = YES;
				GCC_WARN_64_TO_32_BIT_CONVERSION = YES;
				GCC_WARN_ABOUT_RETURN_TYPE = YES_ERROR;
				GCC_WARN_UNDECLARED_SELECTOR = YES;
				GCC_WARN_UNINITIALIZED_AUTOS = YES_AGGRESSIVE;
				GCC_WARN_UNUSED_FUNCTION = YES;
				GCC_WARN_UNUSED_VARIABLE = YES;
				IPHONEOS_DEPLOYMENT_TARGET = 14.0;
				MTL_ENABLE_DEBUG_INFO = NO;
				MTL_FAST_MATH = YES;
				SDKROOT = iphoneos;
				SWIFT_COMPILATION_MODE = wholemodule;
				SWIFT_OPTIMIZATION_LEVEL = "-O";
				VALIDATE_PRODUCT = YES;
			};
			name = Release;
		};
		B62F71D92516D76900AF8F36 /* Debug */ = {
			isa = XCBuildConfiguration;
			buildSettings = {
				ASSETCATALOG_COMPILER_APPICON_NAME = AppIcon;
				ASSETCATALOG_COMPILER_GLOBAL_ACCENT_COLOR_NAME = AccentColor;
				CODE_SIGN_STYLE = Automatic;
				DEVELOPMENT_ASSET_PATHS = "\"CyTalk/Preview Content\"";
				DEVELOPMENT_TEAM = QNG49J45ZU;
				ENABLE_PREVIEWS = YES;
				INFOPLIST_FILE = CyTalk/Info.plist;
				LD_RUNPATH_SEARCH_PATHS = (
					"$(inherited)",
					"@executable_path/Frameworks",
				);
				PRODUCT_BUNDLE_IDENTIFIER = Valine.CyTalk;
				PRODUCT_NAME = "$(TARGET_NAME)";
				SWIFT_VERSION = 5.0;
				TARGETED_DEVICE_FAMILY = "1,2";
			};
			name = Debug;
		};
		B62F71DA2516D76900AF8F36 /* Release */ = {
			isa = XCBuildConfiguration;
			buildSettings = {
				ASSETCATALOG_COMPILER_APPICON_NAME = AppIcon;
				ASSETCATALOG_COMPILER_GLOBAL_ACCENT_COLOR_NAME = AccentColor;
				CODE_SIGN_STYLE = Automatic;
				DEVELOPMENT_ASSET_PATHS = "\"CyTalk/Preview Content\"";
				DEVELOPMENT_TEAM = QNG49J45ZU;
				ENABLE_PREVIEWS = YES;
				INFOPLIST_FILE = CyTalk/Info.plist;
				LD_RUNPATH_SEARCH_PATHS = (
					"$(inherited)",
					"@executable_path/Frameworks",
				);
				PRODUCT_BUNDLE_IDENTIFIER = Valine.CyTalk;
				PRODUCT_NAME = "$(TARGET_NAME)";
				SWIFT_VERSION = 5.0;
				TARGETED_DEVICE_FAMILY = "1,2";
			};
			name = Release;
		};
		B6FE0700253A3A56001864BA /* Debug */ = {
			isa = XCBuildConfiguration;
			buildSettings = {
				BUNDLE_LOADER = "$(TEST_HOST)";
				CODE_SIGN_STYLE = Automatic;
				DEVELOPMENT_TEAM = QNG49J45ZU;
				INFOPLIST_FILE = CyTalkTests/Info.plist;
				LD_RUNPATH_SEARCH_PATHS = (
					"$(inherited)",
					"@executable_path/Frameworks",
					"@loader_path/Frameworks",
				);
				PRODUCT_BUNDLE_IDENTIFIER = Valine.CyTalkTests;
				PRODUCT_NAME = "$(TARGET_NAME)";
				SWIFT_VERSION = 5.0;
				TARGETED_DEVICE_FAMILY = "1,2";
				TEST_HOST = "$(BUILT_PRODUCTS_DIR)/CyTalk.app/CyTalk";
			};
			name = Debug;
		};
		B6FE0701253A3A56001864BA /* Release */ = {
			isa = XCBuildConfiguration;
			buildSettings = {
				BUNDLE_LOADER = "$(TEST_HOST)";
				CODE_SIGN_STYLE = Automatic;
				DEVELOPMENT_TEAM = QNG49J45ZU;
				INFOPLIST_FILE = CyTalkTests/Info.plist;
				LD_RUNPATH_SEARCH_PATHS = (
					"$(inherited)",
					"@executable_path/Frameworks",
					"@loader_path/Frameworks",
				);
				PRODUCT_BUNDLE_IDENTIFIER = Valine.CyTalkTests;
				PRODUCT_NAME = "$(TARGET_NAME)";
				SWIFT_VERSION = 5.0;
				TARGETED_DEVICE_FAMILY = "1,2";
				TEST_HOST = "$(BUILT_PRODUCTS_DIR)/CyTalk.app/CyTalk";
			};
			name = Release;
		};
/* End XCBuildConfiguration section */

/* Begin XCConfigurationList section */
		B62F71BF2516D76400AF8F36 /* Build configuration list for PBXProject "CyTalk" */ = {
			isa = XCConfigurationList;
			buildConfigurations = (
				B62F71D62516D76900AF8F36 /* Debug */,
				B62F71D72516D76900AF8F36 /* Release */,
			);
			defaultConfigurationIsVisible = 0;
			defaultConfigurationName = Release;
		};
		B62F71D82516D76900AF8F36 /* Build configuration list for PBXNativeTarget "CyTalk" */ = {
			isa = XCConfigurationList;
			buildConfigurations = (
				B62F71D92516D76900AF8F36 /* Debug */,
				B62F71DA2516D76900AF8F36 /* Release */,
			);
			defaultConfigurationIsVisible = 0;
			defaultConfigurationName = Release;
		};
		B6FE0702253A3A56001864BA /* Build configuration list for PBXNativeTarget "CyTalkTests" */ = {
			isa = XCConfigurationList;
			buildConfigurations = (
				B6FE0700253A3A56001864BA /* Debug */,
				B6FE0701253A3A56001864BA /* Release */,
			);
			defaultConfigurationIsVisible = 0;
			defaultConfigurationName = Release;
		};
/* End XCConfigurationList section */
	};
	rootObject = B62F71BC2516D76400AF8F36 /* Project object */;
}
